
Microsoft Visual Studio Solution File, Format Version 12.00
# Visual Studio Version 16
VisualStudioVersion = 16.0.31613.86
MinimumVisualStudioVersion = 10.0.40219.1
Project("{FAE04EC0-301F-11D3-BF4B-00C04F79EFBC}") = "MVCDemo", "MVCDemo\MVCDemo.csproj", "{BF1D5B46-5A0B-4D3E-871C-89FC12E66405}"
EndProject
Global
	GlobalSection(SolutionConfigurationPlatforms) = preSolution
		Debug|Any CPU = Debug|Any CPU
		Release|Any CPU = Release|Any CPU
	EndGlobalSection
	GlobalSection(ProjectConfigurationPlatforms) = postSolution
		{BF1D5B46-5A0B-4D3E-871C-89FC12E66405}.Debug|Any CPU.ActiveCfg = Debug|Any CPU
		{BF1D5B46-5A0B-4D3E-871C-89FC12E66405}.Debug|Any CPU.Build.0 = Debug|Any CPU
		{BF1D5B46-5A0B-4D3E-871C-89FC12E66405}.Release|Any CPU.ActiveCfg = Release|Any CPU
		{BF1D5B46-5A0B-4D3E-871C-89FC12E66405}.Release|Any CPU.Build.0 = Release|Any CPU
	EndGlobalSection
	GlobalSection(SolutionProperties) = preSolution
		HideSolutionNode = FALSE
	EndGlobalSection
	GlobalSection(ExtensibilityGlobals) = postSolution
		SolutionGuid = {DFD5B19C-C5AD-47D7-AA60-F1E01EB8BB2C}
	EndGlobalSection
EndGlobal
