
Microsoft Visual Studio Solution File, Format Version 12.00
# Visual Studio Version 16
VisualStudioVersion = 16.0.30011.22
MinimumVisualStudioVersion = 10.0.40219.1
Project("{FAE04EC0-301F-11D3-BF4B-00C04F79EFBC}") = "MVC_Identity_DataLayer", "MVC_Identity_DataLayer.csproj", "{3519E95D-85FE-40CC-BD71-335F38064D64}"
EndProject
Project("{FAE04EC0-301F-11D3-BF4B-00C04F79EFBC}") = "MVC_Identity_DataLayer_Data", "..\MVC_Identity_DataLayer_Data\MVC_Identity_DataLayer_Data.csproj", "{29F07432-4933-447E-A81C-3316CC794578}"
EndProject
Global
	GlobalSection(SolutionConfigurationPlatforms) = preSolution
		Debug|Any CPU = Debug|Any CPU
		Release|Any CPU = Release|Any CPU
	EndGlobalSection
	GlobalSection(ProjectConfigurationPlatforms) = postSolution
		{3519E95D-85FE-40CC-BD71-335F38064D64}.Debug|Any CPU.ActiveCfg = Debug|Any CPU
		{3519E95D-85FE-40CC-BD71-335F38064D64}.Debug|Any CPU.Build.0 = Debug|Any CPU
		{3519E95D-85FE-40CC-BD71-335F38064D64}.Release|Any CPU.ActiveCfg = Release|Any CPU
		{3519E95D-85FE-40CC-BD71-335F38064D64}.Release|Any CPU.Build.0 = Release|Any CPU
		{29F07432-4933-447E-A81C-3316CC794578}.Debug|Any CPU.ActiveCfg = Debug|Any CPU
		{29F07432-4933-447E-A81C-3316CC794578}.Debug|Any CPU.Build.0 = Debug|Any CPU
		{29F07432-4933-447E-A81C-3316CC794578}.Release|Any CPU.ActiveCfg = Release|Any CPU
		{29F07432-4933-447E-A81C-3316CC794578}.Release|Any CPU.Build.0 = Release|Any CPU
	EndGlobalSection
	GlobalSection(SolutionProperties) = preSolution
		HideSolutionNode = FALSE
	EndGlobalSection
	GlobalSection(ExtensibilityGlobals) = postSolution
		SolutionGuid = {B5B59D2D-8DEF-4A9F-A6ED-1362E68ED1BF}
	EndGlobalSection
EndGlobal
