
Microsoft Visual Studio Solution File, Format Version 12.00
# Visual Studio Version 17
VisualStudioVersion = 17.0.31912.275
MinimumVisualStudioVersion = 10.0.40219.1
Project("{FAE04EC0-301F-11D3-BF4B-00C04F79EFBC}") = "MVC_Identity_Datalayer", "MVC_Identity_Datalayer.csproj", "{8D1D9331-773D-4D5F-A40E-31ABF3001900}"
EndProject
Global
	GlobalSection(SolutionConfigurationPlatforms) = preSolution
		Debug|Any CPU = Debug|Any CPU
		Release|Any CPU = Release|Any CPU
	EndGlobalSection
	GlobalSection(ProjectConfigurationPlatforms) = postSolution
		{8D1D9331-773D-4D5F-A40E-31ABF3001900}.Debug|Any CPU.ActiveCfg = Debug|Any CPU
		{8D1D9331-773D-4D5F-A40E-31ABF3001900}.Debug|Any CPU.Build.0 = Debug|Any CPU
		{8D1D9331-773D-4D5F-A40E-31ABF3001900}.Release|Any CPU.ActiveCfg = Release|Any CPU
		{8D1D9331-773D-4D5F-A40E-31ABF3001900}.Release|Any CPU.Build.0 = Release|Any CPU
	EndGlobalSection
	GlobalSection(SolutionProperties) = preSolution
		HideSolutionNode = FALSE
	EndGlobalSection
	GlobalSection(ExtensibilityGlobals) = postSolution
		SolutionGuid = {D9301421-FC87-4180-9185-004FECA8A5B9}
	EndGlobalSection
EndGlobal
